{
  "object": {
    "pins": [
      {
        "package": "Nimble",
        "repositoryURL": "https://github.com/Quick/Nimble.git",
        "state": {
          "branch": null,
          "revision": "7a46a5fc86cb917f69e3daf79fcb045283d8f008",
          "version": "8.1.2"
        }
      },
      {
        "package": "Quick",
        "repositoryURL": "https://github.com/Quick/Quick.git",
        "state": {
          "branch": "quickobjcruntime-umbrella-header",
          "revision": "201151b82a7aa8c5b3bf1af79816fb12a4bac03a",
          "version": null
        }
      }
    ]
  },
  "version": 1
}
