{
  "object": {
    "pins": [
      {
        "package": "Nimble",
        "repositoryURL": "https://github.com/devxoul/Nimble.git",
        "state": {
          "branch": "swift-5",
          "revision": "8655fea1802b0c4269df31b14d1aadf2cd77b4e8",
          "version": null
        }
      },
      {
        "package": "Quick",
        "repositoryURL": "https://github.com/devxoul/Quick.git",
        "state": {
          "branch": "swift-5",
          "revision": "98b15d63d8dcb41f025b662557ce785275fe3295",
          "version": null
        }
      }
    ]
  },
  "version": 1
}
