{
  "object": {
    "pins": [
      {
        "package": "CwlCatchException",
        "repositoryURL": "https://github.com/mattgallagher/CwlCatchException.git",
        "state": {
          "branch": null,
          "revision": "f809deb30dc5c9d9b78c872e553261a61177721a",
          "version": "2.0.0"
        }
      },
      {
        "package": "CwlPreconditionTesting",
        "repositoryURL": "https://github.com/mattgallagher/CwlPreconditionTesting.git",
        "state": {
          "branch": null,
          "revision": "ea422878db4e680069af320ac444183628360ab1",
          "version": "2.0.0-beta.1"
        }
      },
      {
        "package": "Nimble",
        "repositoryURL": "https://github.com/Quick/Nimble.git",
        "state": {
          "branch": null,
          "revision": "fc3cd1adf6961a3541679342d64fbbfd7a9f4ca7",
          "version": null
        }
      },
      {
        "package": "Quick",
        "repositoryURL": "https://github.com/Quick/Quick.git",
        "state": {
          "branch": null,
          "revision": "33682c2f6230c60614861dfc61df267e11a1602f",
          "version": "2.2.0"
        }
      }
    ]
  },
  "version": 1
}
